
Microsoft Visual Studio Solution File, Format Version 12.00
# Visual Studio Version 16
VisualStudioVersion = 16.0.29613.14
MinimumVisualStudioVersion = 10.0.40219.1
Project("{FAE04EC0-301F-11D3-BF4B-00C04F79EFBC}") = "War_Thunder_Scraper", "War_Thunder_Scraper\War_Thunder_Scraper.csproj", "{F97B65E4-99A3-41C9-8671-0285D87BB1AA}"
EndProject
Global
	GlobalSection(SolutionConfigurationPlatforms) = preSolution
		Debug|Any CPU = Debug|Any CPU
		Release|Any CPU = Release|Any CPU
	EndGlobalSection
	GlobalSection(ProjectConfigurationPlatforms) = postSolution
		{F97B65E4-99A3-41C9-8671-0285D87BB1AA}.Debug|Any CPU.ActiveCfg = Debug|Any CPU
		{F97B65E4-99A3-41C9-8671-0285D87BB1AA}.Debug|Any CPU.Build.0 = Debug|Any CPU
		{F97B65E4-99A3-41C9-8671-0285D87BB1AA}.Release|Any CPU.ActiveCfg = Release|Any CPU
		{F97B65E4-99A3-41C9-8671-0285D87BB1AA}.Release|Any CPU.Build.0 = Release|Any CPU
	EndGlobalSection
	GlobalSection(SolutionProperties) = preSolution
		HideSolutionNode = FALSE
	EndGlobalSection
	GlobalSection(ExtensibilityGlobals) = postSolution
		SolutionGuid = {F5B67494-DE20-44F3-90B7-1399572AB2C1}
	EndGlobalSection
EndGlobal
